
Microsoft Visual Studio Solution File, Format Version 12.00
# Visual Studio 15
VisualStudioVersion = 15.0.28010.2046
MinimumVisualStudioVersion = 10.0.40219.1
Project("{FAE04EC0-301F-11D3-BF4B-00C04F79EFBC}") = "Todos.WebUI", "Todos.WebUI\Todos.WebUI.csproj", "{B015DE82-50EF-4966-A5DC-627DB002DBF4}"
EndProject
Project("{FAE04EC0-301F-11D3-BF4B-00C04F79EFBC}") = "Todos.Data", "Todos.Data\Todos.Data.csproj", "{A62CF6CC-7013-438E-BF79-9BB380EC3C29}"
EndProject
Project("{FAE04EC0-301F-11D3-BF4B-00C04F79EFBC}") = "Todos.Services", "Todos.Services\Todos.Services.csproj", "{622D7A27-1717-4F72-993D-D6660D627D72}"
EndProject
Global
	GlobalSection(SolutionConfigurationPlatforms) = preSolution
		Debug|Any CPU = Debug|Any CPU
		Release|Any CPU = Release|Any CPU
	EndGlobalSection
	GlobalSection(ProjectConfigurationPlatforms) = postSolution
		{B015DE82-50EF-4966-A5DC-627DB002DBF4}.Debug|Any CPU.ActiveCfg = Debug|Any CPU
		{B015DE82-50EF-4966-A5DC-627DB002DBF4}.Debug|Any CPU.Build.0 = Debug|Any CPU
		{B015DE82-50EF-4966-A5DC-627DB002DBF4}.Release|Any CPU.ActiveCfg = Release|Any CPU
		{B015DE82-50EF-4966-A5DC-627DB002DBF4}.Release|Any CPU.Build.0 = Release|Any CPU
		{A62CF6CC-7013-438E-BF79-9BB380EC3C29}.Debug|Any CPU.ActiveCfg = Debug|Any CPU
		{A62CF6CC-7013-438E-BF79-9BB380EC3C29}.Debug|Any CPU.Build.0 = Debug|Any CPU
		{A62CF6CC-7013-438E-BF79-9BB380EC3C29}.Release|Any CPU.ActiveCfg = Release|Any CPU
		{A62CF6CC-7013-438E-BF79-9BB380EC3C29}.Release|Any CPU.Build.0 = Release|Any CPU
		{622D7A27-1717-4F72-993D-D6660D627D72}.Debug|Any CPU.ActiveCfg = Debug|Any CPU
		{622D7A27-1717-4F72-993D-D6660D627D72}.Debug|Any CPU.Build.0 = Debug|Any CPU
		{622D7A27-1717-4F72-993D-D6660D627D72}.Release|Any CPU.ActiveCfg = Release|Any CPU
		{622D7A27-1717-4F72-993D-D6660D627D72}.Release|Any CPU.Build.0 = Release|Any CPU
	EndGlobalSection
	GlobalSection(SolutionProperties) = preSolution
		HideSolutionNode = FALSE
	EndGlobalSection
	GlobalSection(ExtensibilityGlobals) = postSolution
		SolutionGuid = {695B4980-6FD9-43A5-BFA9-FC7FEF2D9CA2}
	EndGlobalSection
EndGlobal
